
Microsoft Visual Studio Solution File, Format Version 12.00
# Visual Studio Version 17
VisualStudioVersion = 17.2.32519.379
MinimumVisualStudioVersion = 10.0.40219.1
Project("{FAE04EC0-301F-11D3-BF4B-00C04F79EFBC}") = "Exerc4", "Exerc4.csproj", "{9748ACF8-4D27-429E-967F-5D03C4549FA8}"
EndProject
Global
	GlobalSection(SolutionConfigurationPlatforms) = preSolution
		Debug|Any CPU = Debug|Any CPU
		Release|Any CPU = Release|Any CPU
	EndGlobalSection
	GlobalSection(ProjectConfigurationPlatforms) = postSolution
		{9748ACF8-4D27-429E-967F-5D03C4549FA8}.Debug|Any CPU.ActiveCfg = Debug|Any CPU
		{9748ACF8-4D27-429E-967F-5D03C4549FA8}.Debug|Any CPU.Build.0 = Debug|Any CPU
		{9748ACF8-4D27-429E-967F-5D03C4549FA8}.Release|Any CPU.ActiveCfg = Release|Any CPU
		{9748ACF8-4D27-429E-967F-5D03C4549FA8}.Release|Any CPU.Build.0 = Release|Any CPU
	EndGlobalSection
	GlobalSection(SolutionProperties) = preSolution
		HideSolutionNode = FALSE
	EndGlobalSection
	GlobalSection(ExtensibilityGlobals) = postSolution
		SolutionGuid = {0322C62A-1CA0-4E63-85AD-C775EBE0CB8C}
	EndGlobalSection
EndGlobal
